// !$*UTF8*$!
{
	archiveVersion = 1;
	classes = {
	};
	objectVersion = 55;
	objects = {

/* Begin PBXBuildFile section */
		842BE0232816C7570072F500 /* AppDelegate.swift in Sources */ = {isa = PBXBuildFile; fileRef = 842BE0222816C7570072F500 /* AppDelegate.swift */; };
		842BE0252816C7570072F500 /* SceneDelegate.swift in Sources */ = {isa = PBXBuildFile; fileRef = 842BE0242816C7570072F500 /* SceneDelegate.swift */; };
		842BE0272816C7570072F500 /* ViewController.swift in Sources */ = {isa = PBXBuildFile; fileRef = 842BE0262816C7570072F500 /* ViewController.swift */; };
		842BE02A2816C7570072F500 /* Main.storyboard in Resources */ = {isa = PBXBuildFile; fileRef = 842BE0282816C7570072F500 /* Main.storyboard */; };
		842BE02C2816C7590072F500 /* Assets.xcassets in Resources */ = {isa = PBXBuildFile; fileRef = 842BE02B2816C7590072F500 /* Assets.xcassets */; };
		842BE02F2816C7590072F500 /* LaunchScreen.storyboard in Resources */ = {isa = PBXBuildFile; fileRef = 842BE02D2816C7590072F500 /* LaunchScreen.storyboard */; };
		84A51C8A28199B8A0026E6FC /* Helper.swift in Sources */ = {isa = PBXBuildFile; fileRef = 84A51C8928199B8A0026E6FC /* Helper.swift */; };
		84A51C8C28199BAC0026E6FC /* RecordingDisablePopVC.swift in Sources */ = {isa = PBXBuildFile; fileRef = 84A51C8B28199BAC0026E6FC /* RecordingDisablePopVC.swift */; };
/* End PBXBuildFile section */

/* Begin PBXFileReference section */
		842BE01F2816C7570072F500 /* PreventRecodingScreshot.app */ = {isa = PBXFileReference; explicitFileType = wrapper.application; includeInIndex = 0; path = PreventRecodingScreshot.app; sourceTree = BUILT_PRODUCTS_DIR; };
		842BE0222816C7570072F500 /* AppDelegate.swift */ = {isa = PBXFileReference; lastKnownFileType = sourcecode.swift; path = AppDelegate.swift; sourceTree = "<group>"; };
		842BE0242816C7570072F500 /* SceneDelegate.swift */ = {isa = PBXFileReference; lastKnownFileType = sourcecode.swift; path = SceneDelegate.swift; sourceTree = "<group>"; };
		842BE0262816C7570072F500 /* ViewController.swift */ = {isa = PBXFileReference; lastKnownFileType = sourcecode.swift; path = ViewController.swift; sourceTree = "<group>"; };
		842BE0292816C7570072F500 /* Base */ = {isa = PBXFileReference; lastKnownFileType = file.storyboard; name = Base; path = Base.lproj/Main.storyboard; sourceTree = "<group>"; };
		842BE02B2816C7590072F500 /* Assets.xcassets */ = {isa = PBXFileReference; lastKnownFileType = folder.assetcatalog; path = Assets.xcassets; sourceTree = "<group>"; };
		842BE02E2816C7590072F500 /* Base */ = {isa = PBXFileReference; lastKnownFileType = file.storyboard; name = Base; path = Base.lproj/LaunchScreen.storyboard; sourceTree = "<group>"; };
		842BE0302816C7590072F500 /* Info.plist */ = {isa = PBXFileReference; lastKnownFileType = text.plist.xml; path = Info.plist; sourceTree = "<group>"; };
		84A51C8928199B8A0026E6FC /* Helper.swift */ = {isa = PBXFileReference; lastKnownFileType = sourcecode.swift; path = Helper.swift; sourceTree = "<group>"; };
		84A51C8B28199BAC0026E6FC /* RecordingDisablePopVC.swift */ = {isa = PBXFileReference; fileEncoding = 4; lastKnownFileType = sourcecode.swift; path = RecordingDisablePopVC.swift; sourceTree = "<group>"; };
/* End PBXFileReference section */

/* Begin PBXFrameworksBuildPhase section */
		842BE01C2816C7570072F500 /* Frameworks */ = {
			isa = PBXFrameworksBuildPhase;
			buildActionMask = 2147483647;
			files = (
			);
			runOnlyForDeploymentPostprocessing = 0;
		};
/* End PBXFrameworksBuildPhase section */

/* Begin PBXGroup section */
		842BE0162816C7570072F500 = {
			isa = PBXGroup;
			children = (
				842BE0212816C7570072F500 /* PreventRecodingScreshot */,
				842BE0202816C7570072F500 /* Products */,
			);
			sourceTree = "<group>";
		};
		842BE0202816C7570072F500 /* Products */ = {
			isa = PBXGroup;
			children = (
				842BE01F2816C7570072F500 /* PreventRecodingScreshot.app */,
			);
			name = Products;
			sourceTree = "<group>";
		};
		842BE0212816C7570072F500 /* PreventRecodingScreshot */ = {
			isa = PBXGroup;
			children = (
				842BE0222816C7570072F500 /* AppDelegate.swift */,
				842BE0242816C7570072F500 /* SceneDelegate.swift */,
				842BE0262816C7570072F500 /* ViewController.swift */,
				84A51C8B28199BAC0026E6FC /* RecordingDisablePopVC.swift */,
				842BE0282816C7570072F500 /* Main.storyboard */,
				842BE02B2816C7590072F500 /* Assets.xcassets */,
				842BE02D2816C7590072F500 /* LaunchScreen.storyboard */,
				842BE0302816C7590072F500 /* Info.plist */,
				84A51C8928199B8A0026E6FC /* Helper.swift */,
			);
			path = PreventRecodingScreshot;
			sourceTree = "<group>";
		};
/* End PBXGroup section */

/* Begin PBXNativeTarget section */
		842BE01E2816C7570072F500 /* PreventRecodingScreshot */ = {
			isa = PBXNativeTarget;
			buildConfigurationList = 842BE0332816C7590072F500 /* Build configuration list for PBXNativeTarget "PreventRecodingScreshot" */;
			buildPhases = (
				842BE01B2816C7570072F500 /* Sources */,
				842BE01C2816C7570072F500 /* Frameworks */,
				842BE01D2816C7570072F500 /* Resources */,
			);
			buildRules = (
			);
			dependencies = (
			);
			name = PreventRecodingScreshot;
			productName = PreventRecodingScreshot;
			productReference = 842BE01F2816C7570072F500 /* PreventRecodingScreshot.app */;
			productType = "com.apple.product-type.application";
		};
/* End PBXNativeTarget section */

/* Begin PBXProject section */
		842BE0172816C7570072F500 /* Project object */ = {
			isa = PBXProject;
			attributes = {
				BuildIndependentTargetsInParallel = 1;
				LastSwiftUpdateCheck = 1310;
				LastUpgradeCheck = 1310;
				TargetAttributes = {
					842BE01E2816C7570072F500 = {
						CreatedOnToolsVersion = 13.1;
					};
				};
			};
			buildConfigurationList = 842BE01A2816C7570072F500 /* Build configuration list for PBXProject "PreventRecodingScreshot" */;
			compatibilityVersion = "Xcode 13.0";
			developmentRegion = en;
			hasScannedForEncodings = 0;
			knownRegions = (
				en,
				Base,
			);
			mainGroup = 842BE0162816C7570072F500;
			productRefGroup = 842BE0202816C7570072F500 /* Products */;
			projectDirPath = "";
			projectRoot = "";
			targets = (
				842BE01E2816C7570072F500 /* PreventRecodingScreshot */,
			);
		};
/* End PBXProject section */

/* Begin PBXResourcesBuildPhase section */
		842BE01D2816C7570072F500 /* Resources */ = {
			isa = PBXResourcesBuildPhase;
			buildActionMask = 2147483647;
			files = (
				842BE02F2816C7590072F500 /* LaunchScreen.storyboard in Resources */,
				842BE02C2816C7590072F500 /* Assets.xcassets in Resources */,
				842BE02A2816C7570072F500 /* Main.storyboard in Resources */,
			);
			runOnlyForDeploymentPostprocessing = 0;
		};
/* End PBXResourcesBuildPhase section */

/* Begin PBXSourcesBuildPhase section */
		842BE01B2816C7570072F500 /* Sources */ = {
			isa = PBXSourcesBuildPhase;
			buildActionMask = 2147483647;
			files = (
				842BE0272816C7570072F500 /* ViewController.swift in Sources */,
				842BE0232816C7570072F500 /* AppDelegate.swift in Sources */,
				842BE0252816C7570072F500 /* SceneDelegate.swift in Sources */,
				84A51C8C28199BAC0026E6FC /* RecordingDisablePopVC.swift in Sources */,
				84A51C8A28199B8A0026E6FC /* Helper.swift in Sources */,
			);
			runOnlyForDeploymentPostprocessing = 0;
		};
/* End PBXSourcesBuildPhase section */

/* Begin PBXVariantGroup section */
		842BE0282816C7570072F500 /* Main.storyboard */ = {
			isa = PBXVariantGroup;
			children = (
				842BE0292816C7570072F500 /* Base */,
			);
			name = Main.storyboard;
			sourceTree = "<group>";
		};
		842BE02D2816C7590072F500 /* LaunchScreen.storyboard */ = {
			isa = PBXVariantGroup;
			children = (
				842BE02E2816C7590072F500 /* Base */,
			);
			name = LaunchScreen.storyboard;
			sourceTree = "<group>";
		};
/* End PBXVariantGroup section */

/* Begin XCBuildConfiguration section */
		842BE0312816C7590072F500 /* Debug */ = {
			isa = XCBuildConfiguration;
			buildSettings = {
				ALWAYS_SEARCH_USER_PATHS = NO;
				CLANG_ANALYZER_NONNULL = YES;
				CLANG_ANALYZER_NUMBER_OBJECT_CONVERSION = YES_AGGRESSIVE;
				CLANG_CXX_LANGUAGE_STANDARD = "gnu++17";
				CLANG_CXX_LIBRARY = "libc++";
				CLANG_ENABLE_MODULES = YES;
				CLANG_ENABLE_OBJC_ARC = YES;
				CLANG_ENABLE_OBJC_WEAK = YES;
				CLANG_WARN_BLOCK_CAPTURE_AUTORELEASING = YES;
				CLANG_WARN_BOOL_CONVERSION = YES;
				CLANG_WARN_COMMA = YES;
				CLANG_WARN_CONSTANT_CONVERSION = YES;
				CLANG_WARN_DEPRECATED_OBJC_IMPLEMENTATIONS = YES;
				CLANG_WARN_DIRECT_OBJC_ISA_USAGE = YES_ERROR;
				CLANG_WARN_DOCUMENTATION_COMMENTS = YES;
				CLANG_WARN_EMPTY_BODY = YES;
				CLANG_WARN_ENUM_CONVERSION = YES;
				CLANG_WARN_INFINITE_RECURSION = YES;
				CLANG_WARN_INT_CONVERSION = YES;
				CLANG_WARN_NON_LITERAL_NULL_CONVERSION = YES;
				CLANG_WARN_OBJC_IMPLICIT_RETAIN_SELF = YES;
				CLANG_WARN_OBJC_LITERAL_CONVERSION = YES;
				CLANG_WARN_OBJC_ROOT_CLASS = YES_ERROR;
				CLANG_WARN_QUOTED_INCLUDE_IN_FRAMEWORK_HEADER = YES;
				CLANG_WARN_RANGE_LOOP_ANALYSIS = YES;
				CLANG_WARN_STRICT_PROTOTYPES = YES;
				CLANG_WARN_SUSPICIOUS_MOVE = YES;
				CLANG_WARN_UNGUARDED_AVAILABILITY = YES_AGGRESSIVE;
				CLANG_WARN_UNREACHABLE_CODE = YES;
				CLANG_WARN__DUPLICATE_METHOD_MATCH = YES;
				COPY_PHASE_STRIP = NO;
				DEBUG_INFORMATION_FORMAT = dwarf;
				ENABLE_STRICT_OBJC_MSGSEND = YES;
				ENABLE_TESTABILITY = YES;
				GCC_C_LANGUAGE_STANDARD = gnu11;
				GCC_DYNAMIC_NO_PIC = NO;
				GCC_NO_COMMON_BLOCKS = YES;
				GCC_OPTIMIZATION_LEVEL = 0;
				GCC_PREPROCESSOR_DEFINITIONS = (
					"DEBUG=1",
					"$(inherited)",
				);
				GCC_WARN_64_TO_32_BIT_CONVERSION = YES;
				GCC_WARN_ABOUT_RETURN_TYPE = YES_ERROR;
				GCC_WARN_UNDECLARED_SELECTOR = YES;
				GCC_WARN_UNINITIALIZED_AUTOS = YES_AGGRESSIVE;
				GCC_WARN_UNUSED_FUNCTION = YES;
				GCC_WARN_UNUSED_VARIABLE = YES;
				IPHONEOS_DEPLOYMENT_TARGET = 15.0;
				MTL_ENABLE_DEBUG_INFO = INCLUDE_SOURCE;
				MTL_FAST_MATH = YES;
				ONLY_ACTIVE_ARCH = YES;
				SDKROOT = iphoneos;
				SWIFT_ACTIVE_COMPILATION_CONDITIONS = DEBUG;
				SWIFT_OPTIMIZATION_LEVEL = "-Onone";
			};
			name = Debug;
		};
		842BE0322816C7590072F500 /* Release */ = {
			isa = XCBuildConfiguration;
			buildSettings = {
				ALWAYS_SEARCH_USER_PATHS = NO;
				CLANG_ANALYZER_NONNULL = YES;
				CLANG_ANALYZER_NUMBER_OBJECT_CONVERSION = YES_AGGRESSIVE;
				CLANG_CXX_LANGUAGE_STANDARD = "gnu++17";
				CLANG_CXX_LIBRARY = "libc++";
				CLANG_ENABLE_MODULES = YES;
				CLANG_ENABLE_OBJC_ARC = YES;
				CLANG_ENABLE_OBJC_WEAK = YES;
				CLANG_WARN_BLOCK_CAPTURE_AUTORELEASING = YES;
				CLANG_WARN_BOOL_CONVERSION = YES;
				CLANG_WARN_COMMA = YES;
				CLANG_WARN_CONSTANT_CONVERSION = YES;
				CLANG_WARN_DEPRECATED_OBJC_IMPLEMENTATIONS = YES;
				CLANG_WARN_DIRECT_OBJC_ISA_USAGE = YES_ERROR;
				CLANG_WARN_DOCUMENTATION_COMMENTS = YES;
				CLANG_WARN_EMPTY_BODY = YES;
				CLANG_WARN_ENUM_CONVERSION = YES;
				CLANG_WARN_INFINITE_RECURSION = YES;
				CLANG_WARN_INT_CONVERSION = YES;
				CLANG_WARN_NON_LITERAL_NULL_CONVERSION = YES;
				CLANG_WARN_OBJC_IMPLICIT_RETAIN_SELF = YES;
				CLANG_WARN_OBJC_LITERAL_CONVERSION = YES;
				CLANG_WARN_OBJC_ROOT_CLASS = YES_ERROR;
				CLANG_WARN_QUOTED_INCLUDE_IN_FRAMEWORK_HEADER = YES;
				CLANG_WARN_RANGE_LOOP_ANALYSIS = YES;
				CLANG_WARN_STRICT_PROTOTYPES = YES;
				CLANG_WARN_SUSPICIOUS_MOVE = YES;
				CLANG_WARN_UNGUARDED_AVAILABILITY = YES_AGGRESSIVE;
				CLANG_WARN_UNREACHABLE_CODE = YES;
				CLANG_WARN__DUPLICATE_METHOD_MATCH = YES;
				COPY_PHASE_STRIP = NO;
				DEBUG_INFORMATION_FORMAT = "dwarf-with-dsym";
				ENABLE_NS_ASSERTIONS = NO;
				ENABLE_STRICT_OBJC_MSGSEND = YES;
				GCC_C_LANGUAGE_STANDARD = gnu11;
				GCC_NO_COMMON_BLOCKS = YES;
				GCC_WARN_64_TO_32_BIT_CONVERSION = YES;
				GCC_WARN_ABOUT_RETURN_TYPE = YES_ERROR;
				GCC_WARN_UNDECLARED_SELECTOR = YES;
				GCC_WARN_UNINITIALIZED_AUTOS = YES_AGGRESSIVE;
				GCC_WARN_UNUSED_FUNCTION = YES;
				GCC_WARN_UNUSED_VARIABLE = YES;
				IPHONEOS_DEPLOYMENT_TARGET = 15.0;
				MTL_ENABLE_DEBUG_INFO = NO;
				MTL_FAST_MATH = YES;
				SDKROOT = iphoneos;
				SWIFT_COMPILATION_MODE = wholemodule;
				SWIFT_OPTIMIZATION_LEVEL = "-O";
				VALIDATE_PRODUCT = YES;
			};
			name = Release;
		};
		842BE0342816C7590072F500 /* Debug */ = {
			isa = XCBuildConfiguration;
			buildSettings = {
				ASSETCATALOG_COMPILER_APPICON_NAME = AppIcon;
				ASSETCATALOG_COMPILER_GLOBAL_ACCENT_COLOR_NAME = AccentColor;
				CODE_SIGN_IDENTITY = "iPhone Developer";
				CODE_SIGN_STYLE = Manual;
				CURRENT_PROJECT_VERSION = 1;
				DEVELOPMENT_TEAM = 27D9SG45TN;
				GENERATE_INFOPLIST_FILE = YES;
				INFOPLIST_FILE = PreventRecodingScreshot/Info.plist;
				INFOPLIST_KEY_CFBundleDisplayName = "Prevent Screen ";
				INFOPLIST_KEY_UIApplicationSupportsIndirectInputEvents = YES;
				INFOPLIST_KEY_UILaunchStoryboardName = LaunchScreen;
				INFOPLIST_KEY_UIMainStoryboardFile = Main;
				INFOPLIST_KEY_UISupportedInterfaceOrientations_iPad = "UIInterfaceOrientationPortrait UIInterfaceOrientationPortraitUpsideDown UIInterfaceOrientationLandscapeLeft UIInterfaceOrientationLandscapeRight";
				INFOPLIST_KEY_UISupportedInterfaceOrientations_iPhone = "UIInterfaceOrientationPortrait UIInterfaceOrientationLandscapeLeft UIInterfaceOrientationLandscapeRight";
				IPHONEOS_DEPLOYMENT_TARGET = 13.0;
				LD_RUNPATH_SEARCH_PATHS = (
					"$(inherited)",
					"@executable_path/Frameworks",
				);
				MARKETING_VERSION = 1.0;
				PRODUCT_BUNDLE_IDENTIFIER = com.meno;
				PRODUCT_NAME = "$(TARGET_NAME)";
				PROVISIONING_PROFILE_SPECIFIER = Dev_profile_buntethered;
				SWIFT_EMIT_LOC_STRINGS = YES;
				SWIFT_VERSION = 5.0;
				TARGETED_DEVICE_FAMILY = 1;
			};
			name = Debug;
		};
		842BE0352816C7590072F500 /* Release */ = {
			isa = XCBuildConfiguration;
			buildSettings = {
				ASSETCATALOG_COMPILER_APPICON_NAME = AppIcon;
				ASSETCATALOG_COMPILER_GLOBAL_ACCENT_COLOR_NAME = AccentColor;
				CODE_SIGN_IDENTITY = "iPhone Developer";
				CODE_SIGN_STYLE = Manual;
				CURRENT_PROJECT_VERSION = 1;
				DEVELOPMENT_TEAM = 27D9SG45TN;
				GENERATE_INFOPLIST_FILE = YES;
				INFOPLIST_FILE = PreventRecodingScreshot/Info.plist;
				INFOPLIST_KEY_CFBundleDisplayName = "Prevent Screen ";
				INFOPLIST_KEY_UIApplicationSupportsIndirectInputEvents = YES;
				INFOPLIST_KEY_UILaunchStoryboardName = LaunchScreen;
				INFOPLIST_KEY_UIMainStoryboardFile = Main;
				INFOPLIST_KEY_UISupportedInterfaceOrientations_iPad = "UIInterfaceOrientationPortrait UIInterfaceOrientationPortraitUpsideDown UIInterfaceOrientationLandscapeLeft UIInterfaceOrientationLandscapeRight";
				INFOPLIST_KEY_UISupportedInterfaceOrientations_iPhone = "UIInterfaceOrientationPortrait UIInterfaceOrientationLandscapeLeft UIInterfaceOrientationLandscapeRight";
				IPHONEOS_DEPLOYMENT_TARGET = 13.0;
				LD_RUNPATH_SEARCH_PATHS = (
					"$(inherited)",
					"@executable_path/Frameworks",
				);
				MARKETING_VERSION = 1.0;
				PRODUCT_BUNDLE_IDENTIFIER = com.meno;
				PRODUCT_NAME = "$(TARGET_NAME)";
				PROVISIONING_PROFILE_SPECIFIER = Dev_profile_buntethered;
				SWIFT_EMIT_LOC_STRINGS = YES;
				SWIFT_VERSION = 5.0;
				TARGETED_DEVICE_FAMILY = 1;
			};
			name = Release;
		};
/* End XCBuildConfiguration section */

/* Begin XCConfigurationList section */
		842BE01A2816C7570072F500 /* Build configuration list for PBXProject "PreventRecodingScreshot" */ = {
			isa = XCConfigurationList;
			buildConfigurations = (
				842BE0312816C7590072F500 /* Debug */,
				842BE0322816C7590072F500 /* Release */,
			);
			defaultConfigurationIsVisible = 0;
			defaultConfigurationName = Release;
		};
		842BE0332816C7590072F500 /* Build configuration list for PBXNativeTarget "PreventRecodingScreshot" */ = {
			isa = XCConfigurationList;
			buildConfigurations = (
				842BE0342816C7590072F500 /* Debug */,
				842BE0352816C7590072F500 /* Release */,
			);
			defaultConfigurationIsVisible = 0;
			defaultConfigurationName = Release;
		};
/* End XCConfigurationList section */
	};
	rootObject = 842BE0172816C7570072F500 /* Project object */;
}
